
Microsoft Visual Studio Solution File, Format Version 12.00
# Visual Studio Version 16
VisualStudioVersion = 16.0.30204.135
MinimumVisualStudioVersion = 10.0.40219.1
Project("{FAE04EC0-301F-11D3-BF4B-00C04F79EFBC}") = "ParseNumberToWords", "ParseNumberToWords\ParseNumberToWords.csproj", "{CE654FE5-A795-4EA7-9945-35323D317D74}"
EndProject
Global
	GlobalSection(SolutionConfigurationPlatforms) = preSolution
		Debug|Any CPU = Debug|Any CPU
		Release|Any CPU = Release|Any CPU
	EndGlobalSection
	GlobalSection(ProjectConfigurationPlatforms) = postSolution
		{CE654FE5-A795-4EA7-9945-35323D317D74}.Debug|Any CPU.ActiveCfg = Debug|Any CPU
		{CE654FE5-A795-4EA7-9945-35323D317D74}.Debug|Any CPU.Build.0 = Debug|Any CPU
		{CE654FE5-A795-4EA7-9945-35323D317D74}.Release|Any CPU.ActiveCfg = Release|Any CPU
		{CE654FE5-A795-4EA7-9945-35323D317D74}.Release|Any CPU.Build.0 = Release|Any CPU
	EndGlobalSection
	GlobalSection(SolutionProperties) = preSolution
		HideSolutionNode = FALSE
	EndGlobalSection
	GlobalSection(ExtensibilityGlobals) = postSolution
		SolutionGuid = {5E00D49A-F078-4E7B-9875-E49AD35118CD}
	EndGlobalSection
EndGlobal
